<Solution>
  <Configurations>
    <Platform Name="x64" />
    <Platform Name="x86" />
  </Configurations>
  <Project Path="Generating Permutations with Minimum Neighbor Difference Greater than 1/Generating Permutations with Minimum Neighbor Difference Greater than 1.vcxproj" Id="36adc45f-7186-4be2-8570-e451c310e3cf" />
</Solution>
